// !$*UTF8*$!
{
	archiveVersion = 1;
	classes = {
	};
	objectVersion = 50;
	objects = {

/* Begin PBXBuildFile section */
		C6085ABA269432B300F5A3F0 /* AppDelegate.swift in Sources */ = {isa = PBXBuildFile; fileRef = C6085AB9269432B300F5A3F0 /* AppDelegate.swift */; };
		C6085ABC269432B300F5A3F0 /* SceneDelegate.swift in Sources */ = {isa = PBXBuildFile; fileRef = C6085ABB269432B300F5A3F0 /* SceneDelegate.swift */; };
		C6085AC1269432B300F5A3F0 /* Main.storyboard in Resources */ = {isa = PBXBuildFile; fileRef = C6085ABF269432B300F5A3F0 /* Main.storyboard */; };
		C6085AC3269432B700F5A3F0 /* Assets.xcassets in Resources */ = {isa = PBXBuildFile; fileRef = C6085AC2269432B700F5A3F0 /* Assets.xcassets */; };
		C6085AC6269432B700F5A3F0 /* LaunchScreen.storyboard in Resources */ = {isa = PBXBuildFile; fileRef = C6085AC4269432B700F5A3F0 /* LaunchScreen.storyboard */; };
		C64205272695349B0088402E /* Weather.xcdatamodeld in Sources */ = {isa = PBXBuildFile; fileRef = C64205252695349B0088402E /* Weather.xcdatamodeld */; };
		C64205292695371E0088402E /* DataController.swift in Sources */ = {isa = PBXBuildFile; fileRef = C64205282695371E0088402E /* DataController.swift */; };
		C642052B2695383C0088402E /* AddLocationViewController+CoreData.swift in Sources */ = {isa = PBXBuildFile; fileRef = C642052A2695383C0088402E /* AddLocationViewController+CoreData.swift */; };
		C642052D26953A720088402E /* AddLocationViewController+TableView.swift in Sources */ = {isa = PBXBuildFile; fileRef = C642052C26953A720088402E /* AddLocationViewController+TableView.swift */; };
		C642052F2695404B0088402E /* Location+Extension.swift in Sources */ = {isa = PBXBuildFile; fileRef = C642052E2695404B0088402E /* Location+Extension.swift */; };
		C642053326955C430088402E /* DetailViewController.swift in Sources */ = {isa = PBXBuildFile; fileRef = C642053226955C430088402E /* DetailViewController.swift */; };
		C6420541269582790088402E /* City.swift in Sources */ = {isa = PBXBuildFile; fileRef = C6420540269582790088402E /* City.swift */; };
		C6420543269583100088402E /* Coord.swift in Sources */ = {isa = PBXBuildFile; fileRef = C6420542269583100088402E /* Coord.swift */; };
		C6420545269583590088402E /* MainModel.swift in Sources */ = {isa = PBXBuildFile; fileRef = C6420544269583590088402E /* MainModel.swift */; };
		C6420547269583E00088402E /* Rain.swift in Sources */ = {isa = PBXBuildFile; fileRef = C6420546269583E00088402E /* Rain.swift */; };
		C6420549269583F90088402E /* Snow.swift in Sources */ = {isa = PBXBuildFile; fileRef = C6420548269583F90088402E /* Snow.swift */; };
		C642054B269584230088402E /* Wind.swift in Sources */ = {isa = PBXBuildFile; fileRef = C642054A269584230088402E /* Wind.swift */; };
		C642054D2695845E0088402E /* WindDirection.swift in Sources */ = {isa = PBXBuildFile; fileRef = C642054C2695845E0088402E /* WindDirection.swift */; };
		C642054F2695848A0088402E /* WeatherModel.swift in Sources */ = {isa = PBXBuildFile; fileRef = C642054E2695848A0088402E /* WeatherModel.swift */; };
		C6420551269584B90088402E /* Clouds.swift in Sources */ = {isa = PBXBuildFile; fileRef = C6420550269584B90088402E /* Clouds.swift */; };
		C6420553269584D90088402E /* ListModel.swift in Sources */ = {isa = PBXBuildFile; fileRef = C6420552269584D90088402E /* ListModel.swift */; };
		C6420555269585440088402E /* WeatherResponse.swift in Sources */ = {isa = PBXBuildFile; fileRef = C6420554269585440088402E /* WeatherResponse.swift */; };
		C6420557269586670088402E /* EndPoint.swift in Sources */ = {isa = PBXBuildFile; fileRef = C6420556269586670088402E /* EndPoint.swift */; };
		C6420559269587F90088402E /* ApiClient.swift in Sources */ = {isa = PBXBuildFile; fileRef = C6420558269587F90088402E /* ApiClient.swift */; };
		C642055B269588490088402E /* ErrorResponse.swift in Sources */ = {isa = PBXBuildFile; fileRef = C642055A269588490088402E /* ErrorResponse.swift */; };
		C642055E26958C5D0088402E /* WeatherUtil.swift in Sources */ = {isa = PBXBuildFile; fileRef = C642055D26958C5D0088402E /* WeatherUtil.swift */; };
		C642056026958C900088402E /* DateUtil.swift in Sources */ = {isa = PBXBuildFile; fileRef = C642055F26958C900088402E /* DateUtil.swift */; };
		C642056226958CCB0088402E /* WeatherDelegate.swift in Sources */ = {isa = PBXBuildFile; fileRef = C642056126958CCB0088402E /* WeatherDelegate.swift */; };
		C642056426958CF10088402E /* CurrentWeather.swift in Sources */ = {isa = PBXBuildFile; fileRef = C642056326958CF10088402E /* CurrentWeather.swift */; };
		C642056626958D100088402E /* Weather.swift in Sources */ = {isa = PBXBuildFile; fileRef = C642056526958D100088402E /* Weather.swift */; };
		C642056826958D240088402E /* TemperatureUtil.swift in Sources */ = {isa = PBXBuildFile; fileRef = C642056726958D240088402E /* TemperatureUtil.swift */; };
		C642056A26958D430088402E /* TemperatureUnit.swift in Sources */ = {isa = PBXBuildFile; fileRef = C642056926958D430088402E /* TemperatureUnit.swift */; };
		C642056C26958D8A0088402E /* WeatherIconUtil.swift in Sources */ = {isa = PBXBuildFile; fileRef = C642056B26958D8A0088402E /* WeatherIconUtil.swift */; };
		C642056F26958EEB0088402E /* StringInterpolation.swift in Sources */ = {isa = PBXBuildFile; fileRef = C642056E26958EEB0088402E /* StringInterpolation.swift */; };
		C642057126958F110088402E /* Date.swift in Sources */ = {isa = PBXBuildFile; fileRef = C642057026958F110088402E /* Date.swift */; };
		C642057326958F2A0088402E /* UnitSymbol.swift in Sources */ = {isa = PBXBuildFile; fileRef = C642057226958F2A0088402E /* UnitSymbol.swift */; };
		C642057526958F930088402E /* DetailWeatherUtil.swift in Sources */ = {isa = PBXBuildFile; fileRef = C642057426958F930088402E /* DetailWeatherUtil.swift */; };
		C642057726958FDE0088402E /* HourWeatherUtil.swift in Sources */ = {isa = PBXBuildFile; fileRef = C642057626958FDE0088402E /* HourWeatherUtil.swift */; };
		C64205792695907F0088402E /* DailyWeatherUtil.swift in Sources */ = {isa = PBXBuildFile; fileRef = C64205782695907F0088402E /* DailyWeatherUtil.swift */; };
		C642057C26959C610088402E /* DailyTableViewCell.swift in Sources */ = {isa = PBXBuildFile; fileRef = C642057B26959C610088402E /* DailyTableViewCell.swift */; };
		C642057F26959E120088402E /* DetailViewController+TableView.swift in Sources */ = {isa = PBXBuildFile; fileRef = C642057E26959E120088402E /* DetailViewController+TableView.swift */; };
		C642058126959E930088402E /* DailyTableViewSection.swift in Sources */ = {isa = PBXBuildFile; fileRef = C642058026959E930088402E /* DailyTableViewSection.swift */; };
		C642058326959EB60088402E /* DetailTableViewCell.swift in Sources */ = {isa = PBXBuildFile; fileRef = C642058226959EB60088402E /* DetailTableViewCell.swift */; };
		C64205852695A64A0088402E /* DetailViewController+CollectionView.swift in Sources */ = {isa = PBXBuildFile; fileRef = C64205842695A64A0088402E /* DetailViewController+CollectionView.swift */; };
		C64205872695A67C0088402E /* HourCollectionViewCell.swift in Sources */ = {isa = PBXBuildFile; fileRef = C64205862695A67C0088402E /* HourCollectionViewCell.swift */; };
		C6F0603C26950C9A00E3BB5F /* SearchViewController.swift in Sources */ = {isa = PBXBuildFile; fileRef = C6F0603B26950C9A00E3BB5F /* SearchViewController.swift */; };
		C6F060442695181500E3BB5F /* SearchViewDelegate.swift in Sources */ = {isa = PBXBuildFile; fileRef = C6F060432695181500E3BB5F /* SearchViewDelegate.swift */; };
		C6F060462695200400E3BB5F /* AddLocationViewController.swift in Sources */ = {isa = PBXBuildFile; fileRef = C6F060452695200400E3BB5F /* AddLocationViewController.swift */; };
		C6F06048269520EF00E3BB5F /* AddLocationDelegate.swift in Sources */ = {isa = PBXBuildFile; fileRef = C6F06047269520EF00E3BB5F /* AddLocationDelegate.swift */; };
/* End PBXBuildFile section */

/* Begin PBXFileReference section */
		C6085AB6269432B300F5A3F0 /* WeatherApp.app */ = {isa = PBXFileReference; explicitFileType = wrapper.application; includeInIndex = 0; path = WeatherApp.app; sourceTree = BUILT_PRODUCTS_DIR; };
		C6085AB9269432B300F5A3F0 /* AppDelegate.swift */ = {isa = PBXFileReference; lastKnownFileType = sourcecode.swift; path = AppDelegate.swift; sourceTree = "<group>"; };
		C6085ABB269432B300F5A3F0 /* SceneDelegate.swift */ = {isa = PBXFileReference; lastKnownFileType = sourcecode.swift; path = SceneDelegate.swift; sourceTree = "<group>"; };
		C6085AC0269432B300F5A3F0 /* Base */ = {isa = PBXFileReference; lastKnownFileType = file.storyboard; name = Base; path = Base.lproj/Main.storyboard; sourceTree = "<group>"; };
		C6085AC2269432B700F5A3F0 /* Assets.xcassets */ = {isa = PBXFileReference; lastKnownFileType = folder.assetcatalog; path = Assets.xcassets; sourceTree = "<group>"; };
		C6085AC5269432B700F5A3F0 /* Base */ = {isa = PBXFileReference; lastKnownFileType = file.storyboard; name = Base; path = Base.lproj/LaunchScreen.storyboard; sourceTree = "<group>"; };
		C6085AC7269432B700F5A3F0 /* Info.plist */ = {isa = PBXFileReference; lastKnownFileType = text.plist.xml; path = Info.plist; sourceTree = "<group>"; };
		C64205262695349B0088402E /* Weather.xcdatamodel */ = {isa = PBXFileReference; lastKnownFileType = wrapper.xcdatamodel; path = Weather.xcdatamodel; sourceTree = "<group>"; };
		C64205282695371E0088402E /* DataController.swift */ = {isa = PBXFileReference; lastKnownFileType = sourcecode.swift; path = DataController.swift; sourceTree = "<group>"; };
		C642052A2695383C0088402E /* AddLocationViewController+CoreData.swift */ = {isa = PBXFileReference; lastKnownFileType = sourcecode.swift; path = "AddLocationViewController+CoreData.swift"; sourceTree = "<group>"; };
		C642052C26953A720088402E /* AddLocationViewController+TableView.swift */ = {isa = PBXFileReference; lastKnownFileType = sourcecode.swift; path = "AddLocationViewController+TableView.swift"; sourceTree = "<group>"; };
		C642052E2695404B0088402E /* Location+Extension.swift */ = {isa = PBXFileReference; lastKnownFileType = sourcecode.swift; path = "Location+Extension.swift"; sourceTree = "<group>"; };
		C642053226955C430088402E /* DetailViewController.swift */ = {isa = PBXFileReference; lastKnownFileType = sourcecode.swift; path = DetailViewController.swift; sourceTree = "<group>"; };
		C6420540269582790088402E /* City.swift */ = {isa = PBXFileReference; lastKnownFileType = sourcecode.swift; path = City.swift; sourceTree = "<group>"; };
		C6420542269583100088402E /* Coord.swift */ = {isa = PBXFileReference; lastKnownFileType = sourcecode.swift; path = Coord.swift; sourceTree = "<group>"; };
		C6420544269583590088402E /* MainModel.swift */ = {isa = PBXFileReference; lastKnownFileType = sourcecode.swift; path = MainModel.swift; sourceTree = "<group>"; };
		C6420546269583E00088402E /* Rain.swift */ = {isa = PBXFileReference; lastKnownFileType = sourcecode.swift; path = Rain.swift; sourceTree = "<group>"; };
		C6420548269583F90088402E /* Snow.swift */ = {isa = PBXFileReference; lastKnownFileType = sourcecode.swift; path = Snow.swift; sourceTree = "<group>"; };
		C642054A269584230088402E /* Wind.swift */ = {isa = PBXFileReference; lastKnownFileType = sourcecode.swift; path = Wind.swift; sourceTree = "<group>"; };
		C642054C2695845E0088402E /* WindDirection.swift */ = {isa = PBXFileReference; lastKnownFileType = sourcecode.swift; path = WindDirection.swift; sourceTree = "<group>"; };
		C642054E2695848A0088402E /* WeatherModel.swift */ = {isa = PBXFileReference; lastKnownFileType = sourcecode.swift; path = WeatherModel.swift; sourceTree = "<group>"; };
		C6420550269584B90088402E /* Clouds.swift */ = {isa = PBXFileReference; lastKnownFileType = sourcecode.swift; path = Clouds.swift; sourceTree = "<group>"; };
		C6420552269584D90088402E /* ListModel.swift */ = {isa = PBXFileReference; lastKnownFileType = sourcecode.swift; path = ListModel.swift; sourceTree = "<group>"; };
		C6420554269585440088402E /* WeatherResponse.swift */ = {isa = PBXFileReference; lastKnownFileType = sourcecode.swift; path = WeatherResponse.swift; sourceTree = "<group>"; };
		C6420556269586670088402E /* EndPoint.swift */ = {isa = PBXFileReference; lastKnownFileType = sourcecode.swift; path = EndPoint.swift; sourceTree = "<group>"; };
		C6420558269587F90088402E /* ApiClient.swift */ = {isa = PBXFileReference; lastKnownFileType = sourcecode.swift; path = ApiClient.swift; sourceTree = "<group>"; };
		C642055A269588490088402E /* ErrorResponse.swift */ = {isa = PBXFileReference; lastKnownFileType = sourcecode.swift; path = ErrorResponse.swift; sourceTree = "<group>"; };
		C642055D26958C5D0088402E /* WeatherUtil.swift */ = {isa = PBXFileReference; lastKnownFileType = sourcecode.swift; path = WeatherUtil.swift; sourceTree = "<group>"; };
		C642055F26958C900088402E /* DateUtil.swift */ = {isa = PBXFileReference; lastKnownFileType = sourcecode.swift; path = DateUtil.swift; sourceTree = "<group>"; };
		C642056126958CCB0088402E /* WeatherDelegate.swift */ = {isa = PBXFileReference; lastKnownFileType = sourcecode.swift; path = WeatherDelegate.swift; sourceTree = "<group>"; };
		C642056326958CF10088402E /* CurrentWeather.swift */ = {isa = PBXFileReference; lastKnownFileType = sourcecode.swift; path = CurrentWeather.swift; sourceTree = "<group>"; };
		C642056526958D100088402E /* Weather.swift */ = {isa = PBXFileReference; lastKnownFileType = sourcecode.swift; path = Weather.swift; sourceTree = "<group>"; };
		C642056726958D240088402E /* TemperatureUtil.swift */ = {isa = PBXFileReference; lastKnownFileType = sourcecode.swift; path = TemperatureUtil.swift; sourceTree = "<group>"; };
		C642056926958D430088402E /* TemperatureUnit.swift */ = {isa = PBXFileReference; lastKnownFileType = sourcecode.swift; path = TemperatureUnit.swift; sourceTree = "<group>"; };
		C642056B26958D8A0088402E /* WeatherIconUtil.swift */ = {isa = PBXFileReference; lastKnownFileType = sourcecode.swift; path = WeatherIconUtil.swift; sourceTree = "<group>"; };
		C642056E26958EEB0088402E /* StringInterpolation.swift */ = {isa = PBXFileReference; lastKnownFileType = sourcecode.swift; path = StringInterpolation.swift; sourceTree = "<group>"; };
		C642057026958F110088402E /* Date.swift */ = {isa = PBXFileReference; lastKnownFileType = sourcecode.swift; path = Date.swift; sourceTree = "<group>"; };
		C642057226958F2A0088402E /* UnitSymbol.swift */ = {isa = PBXFileReference; lastKnownFileType = sourcecode.swift; path = UnitSymbol.swift; sourceTree = "<group>"; };
		C642057426958F930088402E /* DetailWeatherUtil.swift */ = {isa = PBXFileReference; lastKnownFileType = sourcecode.swift; path = DetailWeatherUtil.swift; sourceTree = "<group>"; };
		C642057626958FDE0088402E /* HourWeatherUtil.swift */ = {isa = PBXFileReference; lastKnownFileType = sourcecode.swift; path = HourWeatherUtil.swift; sourceTree = "<group>"; };
		C64205782695907F0088402E /* DailyWeatherUtil.swift */ = {isa = PBXFileReference; lastKnownFileType = sourcecode.swift; path = DailyWeatherUtil.swift; sourceTree = "<group>"; };
		C642057B26959C610088402E /* DailyTableViewCell.swift */ = {isa = PBXFileReference; lastKnownFileType = sourcecode.swift; path = DailyTableViewCell.swift; sourceTree = "<group>"; };
		C642057E26959E120088402E /* DetailViewController+TableView.swift */ = {isa = PBXFileReference; lastKnownFileType = sourcecode.swift; path = "DetailViewController+TableView.swift"; sourceTree = "<group>"; };
		C642058026959E930088402E /* DailyTableViewSection.swift */ = {isa = PBXFileReference; lastKnownFileType = sourcecode.swift; path = DailyTableViewSection.swift; sourceTree = "<group>"; };
		C642058226959EB60088402E /* DetailTableViewCell.swift */ = {isa = PBXFileReference; lastKnownFileType = sourcecode.swift; path = DetailTableViewCell.swift; sourceTree = "<group>"; };
		C64205842695A64A0088402E /* DetailViewController+CollectionView.swift */ = {isa = PBXFileReference; lastKnownFileType = sourcecode.swift; path = "DetailViewController+CollectionView.swift"; sourceTree = "<group>"; };
		C64205862695A67C0088402E /* HourCollectionViewCell.swift */ = {isa = PBXFileReference; lastKnownFileType = sourcecode.swift; path = HourCollectionViewCell.swift; sourceTree = "<group>"; };
		C6F0603B26950C9A00E3BB5F /* SearchViewController.swift */ = {isa = PBXFileReference; lastKnownFileType = sourcecode.swift; path = SearchViewController.swift; sourceTree = "<group>"; };
		C6F060432695181500E3BB5F /* SearchViewDelegate.swift */ = {isa = PBXFileReference; lastKnownFileType = sourcecode.swift; path = SearchViewDelegate.swift; sourceTree = "<group>"; };
		C6F060452695200400E3BB5F /* AddLocationViewController.swift */ = {isa = PBXFileReference; lastKnownFileType = sourcecode.swift; path = AddLocationViewController.swift; sourceTree = "<group>"; };
		C6F06047269520EF00E3BB5F /* AddLocationDelegate.swift */ = {isa = PBXFileReference; lastKnownFileType = sourcecode.swift; path = AddLocationDelegate.swift; sourceTree = "<group>"; };
/* End PBXFileReference section */

/* Begin PBXFrameworksBuildPhase section */
		C6085AB3269432B300F5A3F0 /* Frameworks */ = {
			isa = PBXFrameworksBuildPhase;
			buildActionMask = 2147483647;
			files = (
			);
			runOnlyForDeploymentPostprocessing = 0;
		};
/* End PBXFrameworksBuildPhase section */

/* Begin PBXGroup section */
		C6085AAD269432B300F5A3F0 = {
			isa = PBXGroup;
			children = (
				C6085AB8269432B300F5A3F0 /* WeatherApp */,
				C6085AB7269432B300F5A3F0 /* Products */,
			);
			sourceTree = "<group>";
		};
		C6085AB7269432B300F5A3F0 /* Products */ = {
			isa = PBXGroup;
			children = (
				C6085AB6269432B300F5A3F0 /* WeatherApp.app */,
			);
			name = Products;
			sourceTree = "<group>";
		};
		C6085AB8269432B300F5A3F0 /* WeatherApp */ = {
			isa = PBXGroup;
			children = (
				C642057A26959C530088402E /* View */,
				C6F060422695180000E3BB5F /* Delegate */,
				C6F0603D2695133000E3BB5F /* Data */,
				C6F060382695058200E3BB5F /* Controller */,
				C6F060372695057100E3BB5F /* Storyboard */,
				C642055C26958C540088402E /* Util */,
				C642056D26958EE10088402E /* Extensions */,
				C6085AB9269432B300F5A3F0 /* AppDelegate.swift */,
				C6085ABB269432B300F5A3F0 /* SceneDelegate.swift */,
				C6085AC2269432B700F5A3F0 /* Assets.xcassets */,
				C6085AC7269432B700F5A3F0 /* Info.plist */,
			);
			path = WeatherApp;
			sourceTree = "<group>";
		};
		C6420524269534730088402E /* Storage */ = {
			isa = PBXGroup;
			children = (
				C6420530269540530088402E /* Managed Object Extension */,
				C64205252695349B0088402E /* Weather.xcdatamodeld */,
				C64205282695371E0088402E /* DataController.swift */,
			);
			path = Storage;
			sourceTree = "<group>";
		};
		C6420530269540530088402E /* Managed Object Extension */ = {
			isa = PBXGroup;
			children = (
				C642052E2695404B0088402E /* Location+Extension.swift */,
			);
			path = "Managed Object Extension";
			sourceTree = "<group>";
		};
		C642053126955C220088402E /* AddLocationViewController */ = {
			isa = PBXGroup;
			children = (
				C6F060452695200400E3BB5F /* AddLocationViewController.swift */,
				C642052A2695383C0088402E /* AddLocationViewController+CoreData.swift */,
				C642052C26953A720088402E /* AddLocationViewController+TableView.swift */,
			);
			path = AddLocationViewController;
			sourceTree = "<group>";
		};
		C642055C26958C540088402E /* Util */ = {
			isa = PBXGroup;
			children = (
				C642056326958CF10088402E /* CurrentWeather.swift */,
				C64205782695907F0088402E /* DailyWeatherUtil.swift */,
				C642055F26958C900088402E /* DateUtil.swift */,
				C642057426958F930088402E /* DetailWeatherUtil.swift */,
				C642057626958FDE0088402E /* HourWeatherUtil.swift */,
				C642056726958D240088402E /* TemperatureUtil.swift */,
				C642056926958D430088402E /* TemperatureUnit.swift */,
				C642057226958F2A0088402E /* UnitSymbol.swift */,
				C642056526958D100088402E /* Weather.swift */,
				C642056126958CCB0088402E /* WeatherDelegate.swift */,
				C642056B26958D8A0088402E /* WeatherIconUtil.swift */,
				C642055D26958C5D0088402E /* WeatherUtil.swift */,
			);
			path = Util;
			sourceTree = "<group>";
		};
		C642056D26958EE10088402E /* Extensions */ = {
			isa = PBXGroup;
			children = (
				C642056E26958EEB0088402E /* StringInterpolation.swift */,
				C642057026958F110088402E /* Date.swift */,
			);
			path = Extensions;
			sourceTree = "<group>";
		};
		C642057A26959C530088402E /* View */ = {
			isa = PBXGroup;
			children = (
				C642057B26959C610088402E /* DailyTableViewCell.swift */,
				C642058026959E930088402E /* DailyTableViewSection.swift */,
				C642058226959EB60088402E /* DetailTableViewCell.swift */,
				C64205862695A67C0088402E /* HourCollectionViewCell.swift */,
			);
			path = View;
			sourceTree = "<group>";
		};
		C642057D26959DFD0088402E /* DetailViewController */ = {
			isa = PBXGroup;
			children = (
				C642053226955C430088402E /* DetailViewController.swift */,
				C642057E26959E120088402E /* DetailViewController+TableView.swift */,
				C64205842695A64A0088402E /* DetailViewController+CollectionView.swift */,
			);
			path = DetailViewController;
			sourceTree = "<group>";
		};
		C6F060372695057100E3BB5F /* Storyboard */ = {
			isa = PBXGroup;
			children = (
				C6085ABF269432B300F5A3F0 /* Main.storyboard */,
				C6085AC4269432B700F5A3F0 /* LaunchScreen.storyboard */,
			);
			path = Storyboard;
			sourceTree = "<group>";
		};
		C6F060382695058200E3BB5F /* Controller */ = {
			isa = PBXGroup;
			children = (
				C642057D26959DFD0088402E /* DetailViewController */,
				C642053126955C220088402E /* AddLocationViewController */,
				C6F0603B26950C9A00E3BB5F /* SearchViewController.swift */,
			);
			path = Controller;
			sourceTree = "<group>";
		};
		C6F0603D2695133000E3BB5F /* Data */ = {
			isa = PBXGroup;
			children = (
				C6420524269534730088402E /* Storage */,
				C6F0603F2695135500E3BB5F /* Api */,
				C6F0603E2695134900E3BB5F /* Model */,
			);
			path = Data;
			sourceTree = "<group>";
		};
		C6F0603E2695134900E3BB5F /* Model */ = {
			isa = PBXGroup;
			children = (
				C6420540269582790088402E /* City.swift */,
				C6420542269583100088402E /* Coord.swift */,
				C6420544269583590088402E /* MainModel.swift */,
				C6420546269583E00088402E /* Rain.swift */,
				C6420548269583F90088402E /* Snow.swift */,
				C642054A269584230088402E /* Wind.swift */,
				C642054C2695845E0088402E /* WindDirection.swift */,
				C642054E2695848A0088402E /* WeatherModel.swift */,
				C6420550269584B90088402E /* Clouds.swift */,
				C6420552269584D90088402E /* ListModel.swift */,
				C6420554269585440088402E /* WeatherResponse.swift */,
				C642055A269588490088402E /* ErrorResponse.swift */,
			);
			path = Model;
			sourceTree = "<group>";
		};
		C6F0603F2695135500E3BB5F /* Api */ = {
			isa = PBXGroup;
			children = (
				C6420556269586670088402E /* EndPoint.swift */,
				C6420558269587F90088402E /* ApiClient.swift */,
			);
			path = Api;
			sourceTree = "<group>";
		};
		C6F060422695180000E3BB5F /* Delegate */ = {
			isa = PBXGroup;
			children = (
				C6F060432695181500E3BB5F /* SearchViewDelegate.swift */,
				C6F06047269520EF00E3BB5F /* AddLocationDelegate.swift */,
			);
			path = Delegate;
			sourceTree = "<group>";
		};
/* End PBXGroup section */

/* Begin PBXNativeTarget section */
		C6085AB5269432B300F5A3F0 /* WeatherApp */ = {
			isa = PBXNativeTarget;
			buildConfigurationList = C6085ACA269432B700F5A3F0 /* Build configuration list for PBXNativeTarget "WeatherApp" */;
			buildPhases = (
				C6085AB2269432B300F5A3F0 /* Sources */,
				C6085AB3269432B300F5A3F0 /* Frameworks */,
				C6085AB4269432B300F5A3F0 /* Resources */,
			);
			buildRules = (
			);
			dependencies = (
			);
			name = WeatherApp;
			productName = WeatherApp;
			productReference = C6085AB6269432B300F5A3F0 /* WeatherApp.app */;
			productType = "com.apple.product-type.application";
		};
/* End PBXNativeTarget section */

/* Begin PBXProject section */
		C6085AAE269432B300F5A3F0 /* Project object */ = {
			isa = PBXProject;
			attributes = {
				LastSwiftUpdateCheck = 1250;
				LastUpgradeCheck = 1250;
				TargetAttributes = {
					C6085AB5269432B300F5A3F0 = {
						CreatedOnToolsVersion = 12.5.1;
					};
				};
			};
			buildConfigurationList = C6085AB1269432B300F5A3F0 /* Build configuration list for PBXProject "WeatherApp" */;
			compatibilityVersion = "Xcode 9.3";
			developmentRegion = en;
			hasScannedForEncodings = 0;
			knownRegions = (
				en,
				Base,
			);
			mainGroup = C6085AAD269432B300F5A3F0;
			productRefGroup = C6085AB7269432B300F5A3F0 /* Products */;
			projectDirPath = "";
			projectRoot = "";
			targets = (
				C6085AB5269432B300F5A3F0 /* WeatherApp */,
			);
		};
/* End PBXProject section */

/* Begin PBXResourcesBuildPhase section */
		C6085AB4269432B300F5A3F0 /* Resources */ = {
			isa = PBXResourcesBuildPhase;
			buildActionMask = 2147483647;
			files = (
				C6085AC6269432B700F5A3F0 /* LaunchScreen.storyboard in Resources */,
				C6085AC3269432B700F5A3F0 /* Assets.xcassets in Resources */,
				C6085AC1269432B300F5A3F0 /* Main.storyboard in Resources */,
			);
			runOnlyForDeploymentPostprocessing = 0;
		};
/* End PBXResourcesBuildPhase section */

/* Begin PBXSourcesBuildPhase section */
		C6085AB2269432B300F5A3F0 /* Sources */ = {
			isa = PBXSourcesBuildPhase;
			buildActionMask = 2147483647;
			files = (
				C6420545269583590088402E /* MainModel.swift in Sources */,
				C642057C26959C610088402E /* DailyTableViewCell.swift in Sources */,
				C642056026958C900088402E /* DateUtil.swift in Sources */,
				C642054B269584230088402E /* Wind.swift in Sources */,
				C642052F2695404B0088402E /* Location+Extension.swift in Sources */,
				C6420551269584B90088402E /* Clouds.swift in Sources */,
				C6F06048269520EF00E3BB5F /* AddLocationDelegate.swift in Sources */,
				C642052D26953A720088402E /* AddLocationViewController+TableView.swift in Sources */,
				C64205852695A64A0088402E /* DetailViewController+CollectionView.swift in Sources */,
				C64205792695907F0088402E /* DailyWeatherUtil.swift in Sources */,
				C6420549269583F90088402E /* Snow.swift in Sources */,
				C642058326959EB60088402E /* DetailTableViewCell.swift in Sources */,
				C6085ABA269432B300F5A3F0 /* AppDelegate.swift in Sources */,
				C642057326958F2A0088402E /* UnitSymbol.swift in Sources */,
				C6420547269583E00088402E /* Rain.swift in Sources */,
				C6F060462695200400E3BB5F /* AddLocationViewController.swift in Sources */,
				C642056226958CCB0088402E /* WeatherDelegate.swift in Sources */,
				C642053326955C430088402E /* DetailViewController.swift in Sources */,
				C6420543269583100088402E /* Coord.swift in Sources */,
				C6420557269586670088402E /* EndPoint.swift in Sources */,
				C6420541269582790088402E /* City.swift in Sources */,
				C642058126959E930088402E /* DailyTableViewSection.swift in Sources */,
				C6420553269584D90088402E /* ListModel.swift in Sources */,
				C6F0603C26950C9A00E3BB5F /* SearchViewController.swift in Sources */,
				C642054F2695848A0088402E /* WeatherModel.swift in Sources */,
				C642056C26958D8A0088402E /* WeatherIconUtil.swift in Sources */,
				C642057726958FDE0088402E /* HourWeatherUtil.swift in Sources */,
				C642056826958D240088402E /* TemperatureUtil.swift in Sources */,
				C642057F26959E120088402E /* DetailViewController+TableView.swift in Sources */,
				C64205292695371E0088402E /* DataController.swift in Sources */,
				C642056F26958EEB0088402E /* StringInterpolation.swift in Sources */,
				C642055E26958C5D0088402E /* WeatherUtil.swift in Sources */,
				C64205272695349B0088402E /* Weather.xcdatamodeld in Sources */,
				C642056426958CF10088402E /* CurrentWeather.swift in Sources */,
				C642052B2695383C0088402E /* AddLocationViewController+CoreData.swift in Sources */,
				C642056626958D100088402E /* Weather.swift in Sources */,
				C64205872695A67C0088402E /* HourCollectionViewCell.swift in Sources */,
				C6F060442695181500E3BB5F /* SearchViewDelegate.swift in Sources */,
				C6420559269587F90088402E /* ApiClient.swift in Sources */,
				C642057526958F930088402E /* DetailWeatherUtil.swift in Sources */,
				C642054D2695845E0088402E /* WindDirection.swift in Sources */,
				C642057126958F110088402E /* Date.swift in Sources */,
				C6085ABC269432B300F5A3F0 /* SceneDelegate.swift in Sources */,
				C642056A26958D430088402E /* TemperatureUnit.swift in Sources */,
				C642055B269588490088402E /* ErrorResponse.swift in Sources */,
				C6420555269585440088402E /* WeatherResponse.swift in Sources */,
			);
			runOnlyForDeploymentPostprocessing = 0;
		};
/* End PBXSourcesBuildPhase section */

/* Begin PBXVariantGroup section */
		C6085ABF269432B300F5A3F0 /* Main.storyboard */ = {
			isa = PBXVariantGroup;
			children = (
				C6085AC0269432B300F5A3F0 /* Base */,
			);
			name = Main.storyboard;
			sourceTree = "<group>";
		};
		C6085AC4269432B700F5A3F0 /* LaunchScreen.storyboard */ = {
			isa = PBXVariantGroup;
			children = (
				C6085AC5269432B700F5A3F0 /* Base */,
			);
			name = LaunchScreen.storyboard;
			sourceTree = "<group>";
		};
/* End PBXVariantGroup section */

/* Begin XCBuildConfiguration section */
		C6085AC8269432B700F5A3F0 /* Debug */ = {
			isa = XCBuildConfiguration;
			buildSettings = {
				ALWAYS_SEARCH_USER_PATHS = NO;
				CLANG_ANALYZER_NONNULL = YES;
				CLANG_ANALYZER_NUMBER_OBJECT_CONVERSION = YES_AGGRESSIVE;
				CLANG_CXX_LANGUAGE_STANDARD = "gnu++14";
				CLANG_CXX_LIBRARY = "libc++";
				CLANG_ENABLE_MODULES = YES;
				CLANG_ENABLE_OBJC_ARC = YES;
				CLANG_ENABLE_OBJC_WEAK = YES;
				CLANG_WARN_BLOCK_CAPTURE_AUTORELEASING = YES;
				CLANG_WARN_BOOL_CONVERSION = YES;
				CLANG_WARN_COMMA = YES;
				CLANG_WARN_CONSTANT_CONVERSION = YES;
				CLANG_WARN_DEPRECATED_OBJC_IMPLEMENTATIONS = YES;
				CLANG_WARN_DIRECT_OBJC_ISA_USAGE = YES_ERROR;
				CLANG_WARN_DOCUMENTATION_COMMENTS = YES;
				CLANG_WARN_EMPTY_BODY = YES;
				CLANG_WARN_ENUM_CONVERSION = YES;
				CLANG_WARN_INFINITE_RECURSION = YES;
				CLANG_WARN_INT_CONVERSION = YES;
				CLANG_WARN_NON_LITERAL_NULL_CONVERSION = YES;
				CLANG_WARN_OBJC_IMPLICIT_RETAIN_SELF = YES;
				CLANG_WARN_OBJC_LITERAL_CONVERSION = YES;
				CLANG_WARN_OBJC_ROOT_CLASS = YES_ERROR;
				CLANG_WARN_QUOTED_INCLUDE_IN_FRAMEWORK_HEADER = YES;
				CLANG_WARN_RANGE_LOOP_ANALYSIS = YES;
				CLANG_WARN_STRICT_PROTOTYPES = YES;
				CLANG_WARN_SUSPICIOUS_MOVE = YES;
				CLANG_WARN_UNGUARDED_AVAILABILITY = YES_AGGRESSIVE;
				CLANG_WARN_UNREACHABLE_CODE = YES;
				CLANG_WARN__DUPLICATE_METHOD_MATCH = YES;
				COPY_PHASE_STRIP = NO;
				DEBUG_INFORMATION_FORMAT = dwarf;
				ENABLE_STRICT_OBJC_MSGSEND = YES;
				ENABLE_TESTABILITY = YES;
				GCC_C_LANGUAGE_STANDARD = gnu11;
				GCC_DYNAMIC_NO_PIC = NO;
				GCC_NO_COMMON_BLOCKS = YES;
				GCC_OPTIMIZATION_LEVEL = 0;
				GCC_PREPROCESSOR_DEFINITIONS = (
					"DEBUG=1",
					"$(inherited)",
				);
				GCC_WARN_64_TO_32_BIT_CONVERSION = YES;
				GCC_WARN_ABOUT_RETURN_TYPE = YES_ERROR;
				GCC_WARN_UNDECLARED_SELECTOR = YES;
				GCC_WARN_UNINITIALIZED_AUTOS = YES_AGGRESSIVE;
				GCC_WARN_UNUSED_FUNCTION = YES;
				GCC_WARN_UNUSED_VARIABLE = YES;
				IPHONEOS_DEPLOYMENT_TARGET = 14.5;
				MTL_ENABLE_DEBUG_INFO = INCLUDE_SOURCE;
				MTL_FAST_MATH = YES;
				ONLY_ACTIVE_ARCH = YES;
				SDKROOT = iphoneos;
				SWIFT_ACTIVE_COMPILATION_CONDITIONS = DEBUG;
				SWIFT_OPTIMIZATION_LEVEL = "-Onone";
			};
			name = Debug;
		};
		C6085AC9269432B700F5A3F0 /* Release */ = {
			isa = XCBuildConfiguration;
			buildSettings = {
				ALWAYS_SEARCH_USER_PATHS = NO;
				CLANG_ANALYZER_NONNULL = YES;
				CLANG_ANALYZER_NUMBER_OBJECT_CONVERSION = YES_AGGRESSIVE;
				CLANG_CXX_LANGUAGE_STANDARD = "gnu++14";
				CLANG_CXX_LIBRARY = "libc++";
				CLANG_ENABLE_MODULES = YES;
				CLANG_ENABLE_OBJC_ARC = YES;
				CLANG_ENABLE_OBJC_WEAK = YES;
				CLANG_WARN_BLOCK_CAPTURE_AUTORELEASING = YES;
				CLANG_WARN_BOOL_CONVERSION = YES;
				CLANG_WARN_COMMA = YES;
				CLANG_WARN_CONSTANT_CONVERSION = YES;
				CLANG_WARN_DEPRECATED_OBJC_IMPLEMENTATIONS = YES;
				CLANG_WARN_DIRECT_OBJC_ISA_USAGE = YES_ERROR;
				CLANG_WARN_DOCUMENTATION_COMMENTS = YES;
				CLANG_WARN_EMPTY_BODY = YES;
				CLANG_WARN_ENUM_CONVERSION = YES;
				CLANG_WARN_INFINITE_RECURSION = YES;
				CLANG_WARN_INT_CONVERSION = YES;
				CLANG_WARN_NON_LITERAL_NULL_CONVERSION = YES;
				CLANG_WARN_OBJC_IMPLICIT_RETAIN_SELF = YES;
				CLANG_WARN_OBJC_LITERAL_CONVERSION = YES;
				CLANG_WARN_OBJC_ROOT_CLASS = YES_ERROR;
				CLANG_WARN_QUOTED_INCLUDE_IN_FRAMEWORK_HEADER = YES;
				CLANG_WARN_RANGE_LOOP_ANALYSIS = YES;
				CLANG_WARN_STRICT_PROTOTYPES = YES;
				CLANG_WARN_SUSPICIOUS_MOVE = YES;
				CLANG_WARN_UNGUARDED_AVAILABILITY = YES_AGGRESSIVE;
				CLANG_WARN_UNREACHABLE_CODE = YES;
				CLANG_WARN__DUPLICATE_METHOD_MATCH = YES;
				COPY_PHASE_STRIP = NO;
				DEBUG_INFORMATION_FORMAT = "dwarf-with-dsym";
				ENABLE_NS_ASSERTIONS = NO;
				ENABLE_STRICT_OBJC_MSGSEND = YES;
				GCC_C_LANGUAGE_STANDARD = gnu11;
				GCC_NO_COMMON_BLOCKS = YES;
				GCC_WARN_64_TO_32_BIT_CONVERSION = YES;
				GCC_WARN_ABOUT_RETURN_TYPE = YES_ERROR;
				GCC_WARN_UNDECLARED_SELECTOR = YES;
				GCC_WARN_UNINITIALIZED_AUTOS = YES_AGGRESSIVE;
				GCC_WARN_UNUSED_FUNCTION = YES;
				GCC_WARN_UNUSED_VARIABLE = YES;
				IPHONEOS_DEPLOYMENT_TARGET = 14.5;
				MTL_ENABLE_DEBUG_INFO = NO;
				MTL_FAST_MATH = YES;
				SDKROOT = iphoneos;
				SWIFT_COMPILATION_MODE = wholemodule;
				SWIFT_OPTIMIZATION_LEVEL = "-O";
				VALIDATE_PRODUCT = YES;
			};
			name = Release;
		};
		C6085ACB269432B700F5A3F0 /* Debug */ = {
			isa = XCBuildConfiguration;
			buildSettings = {
				ASSETCATALOG_COMPILER_APPICON_NAME = AppIcon;
				ASSETCATALOG_COMPILER_GLOBAL_ACCENT_COLOR_NAME = AccentColor;
				CODE_SIGN_STYLE = Automatic;
				INFOPLIST_FILE = WeatherApp/Info.plist;
				LD_RUNPATH_SEARCH_PATHS = (
					"$(inherited)",
					"@executable_path/Frameworks",
				);
				PRODUCT_BUNDLE_IDENTIFIER = com.rba.WeatherApp;
				PRODUCT_NAME = "$(TARGET_NAME)";
				SWIFT_VERSION = 5.0;
				TARGETED_DEVICE_FAMILY = "1,2";
			};
			name = Debug;
		};
		C6085ACC269432B700F5A3F0 /* Release */ = {
			isa = XCBuildConfiguration;
			buildSettings = {
				ASSETCATALOG_COMPILER_APPICON_NAME = AppIcon;
				ASSETCATALOG_COMPILER_GLOBAL_ACCENT_COLOR_NAME = AccentColor;
				CODE_SIGN_STYLE = Automatic;
				INFOPLIST_FILE = WeatherApp/Info.plist;
				LD_RUNPATH_SEARCH_PATHS = (
					"$(inherited)",
					"@executable_path/Frameworks",
				);
				PRODUCT_BUNDLE_IDENTIFIER = com.rba.WeatherApp;
				PRODUCT_NAME = "$(TARGET_NAME)";
				SWIFT_VERSION = 5.0;
				TARGETED_DEVICE_FAMILY = "1,2";
			};
			name = Release;
		};
/* End XCBuildConfiguration section */

/* Begin XCConfigurationList section */
		C6085AB1269432B300F5A3F0 /* Build configuration list for PBXProject "WeatherApp" */ = {
			isa = XCConfigurationList;
			buildConfigurations = (
				C6085AC8269432B700F5A3F0 /* Debug */,
				C6085AC9269432B700F5A3F0 /* Release */,
			);
			defaultConfigurationIsVisible = 0;
			defaultConfigurationName = Release;
		};
		C6085ACA269432B700F5A3F0 /* Build configuration list for PBXNativeTarget "WeatherApp" */ = {
			isa = XCConfigurationList;
			buildConfigurations = (
				C6085ACB269432B700F5A3F0 /* Debug */,
				C6085ACC269432B700F5A3F0 /* Release */,
			);
			defaultConfigurationIsVisible = 0;
			defaultConfigurationName = Release;
		};
/* End XCConfigurationList section */

/* Begin XCVersionGroup section */
		C64205252695349B0088402E /* Weather.xcdatamodeld */ = {
			isa = XCVersionGroup;
			children = (
				C64205262695349B0088402E /* Weather.xcdatamodel */,
			);
			currentVersion = C64205262695349B0088402E /* Weather.xcdatamodel */;
			path = Weather.xcdatamodeld;
			sourceTree = "<group>";
			versionGroupType = wrapper.xcdatamodel;
		};
/* End XCVersionGroup section */
	};
	rootObject = C6085AAE269432B300F5A3F0 /* Project object */;
}
